
Microsoft Visual Studio Solution File, Format Version 12.00
# Visual Studio 15
VisualStudioVersion = 15.0.28307.852
MinimumVisualStudioVersion = 10.0.40219.1
Project("{FAE04EC0-301F-11D3-BF4B-00C04F79EFBC}") = "MyWebApp", "MyWebApp\MyWebApp.csproj", "{3FD7E479-48D4-41CA-90FE-916EA8A42BAE}"
EndProject
Global
	GlobalSection(SolutionConfigurationPlatforms) = preSolution
		Debug|Any CPU = Debug|Any CPU
		Release|Any CPU = Release|Any CPU
	EndGlobalSection
	GlobalSection(ProjectConfigurationPlatforms) = postSolution
		{3FD7E479-48D4-41CA-90FE-916EA8A42BAE}.Debug|Any CPU.ActiveCfg = Debug|Any CPU
		{3FD7E479-48D4-41CA-90FE-916EA8A42BAE}.Debug|Any CPU.Build.0 = Debug|Any CPU
		{3FD7E479-48D4-41CA-90FE-916EA8A42BAE}.Release|Any CPU.ActiveCfg = Release|Any CPU
		{3FD7E479-48D4-41CA-90FE-916EA8A42BAE}.Release|Any CPU.Build.0 = Release|Any CPU
	EndGlobalSection
	GlobalSection(SolutionProperties) = preSolution
		HideSolutionNode = FALSE
	EndGlobalSection
	GlobalSection(ExtensibilityGlobals) = postSolution
		SolutionGuid = {DF580F31-60A7-44F8-8B09-5BC3A3154CC7}
	EndGlobalSection
EndGlobal
